
Microsoft Visual Studio Solution File, Format Version 12.00
# Visual Studio Version 16
VisualStudioVersion = 16.0.31729.503
MinimumVisualStudioVersion = 10.0.40219.1
Project("{FAE04EC0-301F-11D3-BF4B-00C04F79EFBC}") = "BlazorWEbAssemblyDemo", "BlazorWEbAssemblyDemo\BlazorWEbAssemblyDemo.csproj", "{839253ED-B67D-4410-8197-18797F4FBE22}"
EndProject
Project("{FAE04EC0-301F-11D3-BF4B-00C04F79EFBC}") = "TodoList.Api", "TodoList.Api\TodoList.Api.csproj", "{E90925BE-3248-4239-9CAC-B910BFBC46BE}"
EndProject
Project("{FAE04EC0-301F-11D3-BF4B-00C04F79EFBC}") = "BlazorWEbAssemblyDemo.Models", "BlazorWEbAssemblyDemo.Models\BlazorWEbAssemblyDemo.Models.csproj", "{63B9AF05-2AF4-4B2B-9A07-6C216A392EF3}"
EndProject
Global
	GlobalSection(SolutionConfigurationPlatforms) = preSolution
		Debug|Any CPU = Debug|Any CPU
		Release|Any CPU = Release|Any CPU
	EndGlobalSection
	GlobalSection(ProjectConfigurationPlatforms) = postSolution
		{839253ED-B67D-4410-8197-18797F4FBE22}.Debug|Any CPU.ActiveCfg = Debug|Any CPU
		{839253ED-B67D-4410-8197-18797F4FBE22}.Debug|Any CPU.Build.0 = Debug|Any CPU
		{839253ED-B67D-4410-8197-18797F4FBE22}.Release|Any CPU.ActiveCfg = Release|Any CPU
		{839253ED-B67D-4410-8197-18797F4FBE22}.Release|Any CPU.Build.0 = Release|Any CPU
		{E90925BE-3248-4239-9CAC-B910BFBC46BE}.Debug|Any CPU.ActiveCfg = Debug|Any CPU
		{E90925BE-3248-4239-9CAC-B910BFBC46BE}.Debug|Any CPU.Build.0 = Debug|Any CPU
		{E90925BE-3248-4239-9CAC-B910BFBC46BE}.Release|Any CPU.ActiveCfg = Release|Any CPU
		{E90925BE-3248-4239-9CAC-B910BFBC46BE}.Release|Any CPU.Build.0 = Release|Any CPU
		{63B9AF05-2AF4-4B2B-9A07-6C216A392EF3}.Debug|Any CPU.ActiveCfg = Debug|Any CPU
		{63B9AF05-2AF4-4B2B-9A07-6C216A392EF3}.Debug|Any CPU.Build.0 = Debug|Any CPU
		{63B9AF05-2AF4-4B2B-9A07-6C216A392EF3}.Release|Any CPU.ActiveCfg = Release|Any CPU
		{63B9AF05-2AF4-4B2B-9A07-6C216A392EF3}.Release|Any CPU.Build.0 = Release|Any CPU
	EndGlobalSection
	GlobalSection(SolutionProperties) = preSolution
		HideSolutionNode = FALSE
	EndGlobalSection
	GlobalSection(ExtensibilityGlobals) = postSolution
		SolutionGuid = {90BE0A2B-5F5A-4134-88E0-FD8A809DAE5D}
	EndGlobalSection
EndGlobal
